
Microsoft Visual Studio Solution File, Format Version 12.00
Project("{FAE04EC0-301F-11D3-BF4B-00C04F79EFBC}") = "CameraCLI", "CameraCLI\CameraCLI.csproj", "{7E04CCA8-944A-47F2-B846-24BA7BF94D75}"
EndProject
Project("{FAE04EC0-301F-11D3-BF4B-00C04F79EFBC}") = "Data", "Data\Data.csproj", "{82A8374B-3D88-4C22-80EF-DD7AD40175C5}"
EndProject
Project("{FAE04EC0-301F-11D3-BF4B-00C04F79EFBC}") = "CameraAPI", "CameraAPI\CameraAPI.csproj", "{0664D7D7-A1DE-497C-B569-9E04E8CDF399}"
EndProject
Global
	GlobalSection(SolutionConfigurationPlatforms) = preSolution
		Debug|Any CPU = Debug|Any CPU
		Release|Any CPU = Release|Any CPU
	EndGlobalSection
	GlobalSection(ProjectConfigurationPlatforms) = postSolution
		{7E04CCA8-944A-47F2-B846-24BA7BF94D75}.Debug|Any CPU.ActiveCfg = Debug|Any CPU
		{7E04CCA8-944A-47F2-B846-24BA7BF94D75}.Debug|Any CPU.Build.0 = Debug|Any CPU
		{7E04CCA8-944A-47F2-B846-24BA7BF94D75}.Release|Any CPU.ActiveCfg = Release|Any CPU
		{7E04CCA8-944A-47F2-B846-24BA7BF94D75}.Release|Any CPU.Build.0 = Release|Any CPU
		{82A8374B-3D88-4C22-80EF-DD7AD40175C5}.Debug|Any CPU.ActiveCfg = Debug|Any CPU
		{82A8374B-3D88-4C22-80EF-DD7AD40175C5}.Debug|Any CPU.Build.0 = Debug|Any CPU
		{82A8374B-3D88-4C22-80EF-DD7AD40175C5}.Release|Any CPU.ActiveCfg = Release|Any CPU
		{82A8374B-3D88-4C22-80EF-DD7AD40175C5}.Release|Any CPU.Build.0 = Release|Any CPU
		{0664D7D7-A1DE-497C-B569-9E04E8CDF399}.Debug|Any CPU.ActiveCfg = Debug|Any CPU
		{0664D7D7-A1DE-497C-B569-9E04E8CDF399}.Debug|Any CPU.Build.0 = Debug|Any CPU
		{0664D7D7-A1DE-497C-B569-9E04E8CDF399}.Release|Any CPU.ActiveCfg = Release|Any CPU
		{0664D7D7-A1DE-497C-B569-9E04E8CDF399}.Release|Any CPU.Build.0 = Release|Any CPU
	EndGlobalSection
EndGlobal
